
Microsoft Visual Studio Solution File, Format Version 12.00
# Visual Studio Version 17
VisualStudioVersion = 17.8.34330.188
MinimumVisualStudioVersion = 10.0.40219.1
Project("{FAE04EC0-301F-11D3-BF4B-00C04F79EFBC}") = "modtest", "modtest\modtest.csproj", "{AA817630-D795-47B8-B2D2-BC4615D362F5}"
EndProject
Global
	GlobalSection(SolutionConfigurationPlatforms) = preSolution
		Debug|Any CPU = Debug|Any CPU
		Release|Any CPU = Release|Any CPU
	EndGlobalSection
	GlobalSection(ProjectConfigurationPlatforms) = postSolution
		{AA817630-D795-47B8-B2D2-BC4615D362F5}.Debug|Any CPU.ActiveCfg = Debug|Any CPU
		{AA817630-D795-47B8-B2D2-BC4615D362F5}.Debug|Any CPU.Build.0 = Debug|Any CPU
		{AA817630-D795-47B8-B2D2-BC4615D362F5}.Release|Any CPU.ActiveCfg = Release|Any CPU
		{AA817630-D795-47B8-B2D2-BC4615D362F5}.Release|Any CPU.Build.0 = Release|Any CPU
	EndGlobalSection
	GlobalSection(SolutionProperties) = preSolution
		HideSolutionNode = FALSE
	EndGlobalSection
	GlobalSection(ExtensibilityGlobals) = postSolution
		SolutionGuid = {78EFABB4-00E1-4B6D-A1B5-24C8265F5D21}
	EndGlobalSection
EndGlobal
